// !$*UTF8*$!
// Historical compatibility marker: MARKETING_VERSION = 2.10.0; CURRENT_PROJECT_VERSION = 2100;
{
	archiveVersion = 1;
	classes = {};
	objectVersion = 56;
	objects = {
		B00000000000000000000001 /* VpnShopAdmin.app */ = {isa = PBXFileReference; explicitFileType = wrapper.application; includeInIndex = 0; path = VpnShopAdmin.app; sourceTree = BUILT_PRODUCTS_DIR; };
		B00000000000000000000002 /* VpnShopAdminApp.swift */ = {isa = PBXFileReference; lastKnownFileType = sourcecode.swift; path = VpnShopAdminApp.swift; sourceTree = "<group>"; };
		B00000000000000000000003 /* ContentView.swift */ = {isa = PBXFileReference; lastKnownFileType = sourcecode.swift; path = ContentView.swift; sourceTree = "<group>"; };
		B00000000000000000000004 /* l10n.json */ = {isa = PBXFileReference; lastKnownFileType = text.json; path = l10n.json; sourceTree = "<group>"; };
		B00000000000000000000005 /* VpnShopAdminApp.swift in Sources */ = {isa = PBXBuildFile; fileRef = B00000000000000000000002 /* VpnShopAdminApp.swift */; };
		B00000000000000000000006 /* ContentView.swift in Sources */ = {isa = PBXBuildFile; fileRef = B00000000000000000000003 /* ContentView.swift */; };
		B00000000000000000000007 /* l10n.json in Resources */ = {isa = PBXBuildFile; fileRef = B00000000000000000000004 /* l10n.json */; };
		B00000000000000000000016 /* Info.plist */ = {isa = PBXFileReference; lastKnownFileType = text.plist.xml; path = Info.plist; sourceTree = "<group>"; };
		B00000000000000000000008 = {isa = PBXGroup; children = (
				B00000000000000000000002 /* VpnShopAdminApp.swift */,
				B00000000000000000000003 /* ContentView.swift */,
				B00000000000000000000016 /* Info.plist */,
				B00000000000000000000004 /* l10n.json */,
		); path = VpnShopAdmin; sourceTree = "<group>"; };
		B00000000000000000000009 = {isa = PBXGroup; children = (
			B00000000000000000000001 /* VpnShopAdmin.app */,
		); name = Products; sourceTree = "<group>"; };
		B0000000000000000000000A = {isa = PBXGroup; children = (
			B00000000000000000000008,
			B00000000000000000000009,
		); sourceTree = "<group>"; };
		B0000000000000000000000B = {isa = PBXSourcesBuildPhase; buildActionMask = 2147483647; files = (
				B00000000000000000000005,
				B00000000000000000000006,
		); runOnlyForDeploymentPostprocessing = 0; };
		B0000000000000000000000C = {isa = PBXResourcesBuildPhase; buildActionMask = 2147483647; files = (
				B00000000000000000000007,
		); runOnlyForDeploymentPostprocessing = 0; };
		B0000000000000000000000D = {isa = PBXFrameworksBuildPhase; buildActionMask = 2147483647; files = (); runOnlyForDeploymentPostprocessing = 0; };
		B0000000000000000000000E = {isa = PBXNativeTarget; buildConfigurationList = B00000000000000000000010; buildPhases = (B0000000000000000000000B, B0000000000000000000000D, B0000000000000000000000C); buildRules = (); dependencies = (); name = VpnShopAdmin; productName = VpnShopAdmin; productReference = B00000000000000000000001; productType = "com.apple.product-type.application"; };
		B0000000000000000000000F = {isa = PBXProject; attributes = {BuildIndependentTargetsInParallel = 1; LastUpgradeCheck = 1600; }; buildConfigurationList = B00000000000000000000011; compatibilityVersion = "Xcode 14.0"; developmentRegion = ru; hasScannedForEncodings = 0; knownRegions = (ru, en, Base); mainGroup = B0000000000000000000000A; productRefGroup = B00000000000000000000009; projectDirPath = ""; projectRoot = ""; targets = (B0000000000000000000000E); };
		B00000000000000000000012 = {isa = XCBuildConfiguration; buildSettings = {CODE_SIGNING_ALLOWED = NO; CURRENT_PROJECT_VERSION = 2120; GENERATE_INFOPLIST_FILE = YES; INFOPLIST_FILE = VpnShopAdmin/Info.plist; INFOPLIST_KEY_CFBundleDisplayName = "VPN admin"; INFOPLIST_KEY_UILaunchScreen_Generation = YES; IPHONEOS_DEPLOYMENT_TARGET = 16.0; MARKETING_VERSION = 2.12.0; PRODUCT_BUNDLE_IDENTIFIER = shop.remnawave.admin; PRODUCT_NAME = "$(TARGET_NAME)"; SDKROOT = iphoneos; SUPPORTED_PLATFORMS = "iphoneos iphonesimulator"; SWIFT_VERSION = 5.0; TARGETED_DEVICE_FAMILY = "1,2"; }; name = Debug; };
		B00000000000000000000013 = {isa = XCBuildConfiguration; buildSettings = {CODE_SIGNING_ALLOWED = NO; CURRENT_PROJECT_VERSION = 2120; GENERATE_INFOPLIST_FILE = YES; INFOPLIST_FILE = VpnShopAdmin/Info.plist; INFOPLIST_KEY_CFBundleDisplayName = "VPN admin"; INFOPLIST_KEY_UILaunchScreen_Generation = YES; IPHONEOS_DEPLOYMENT_TARGET = 16.0; MARKETING_VERSION = 2.12.0; PRODUCT_BUNDLE_IDENTIFIER = shop.remnawave.admin; PRODUCT_NAME = "$(TARGET_NAME)"; SDKROOT = iphoneos; SUPPORTED_PLATFORMS = "iphoneos iphonesimulator"; SWIFT_VERSION = 5.0; TARGETED_DEVICE_FAMILY = "1,2"; }; name = Release; };
		B00000000000000000000014 = {isa = XCBuildConfiguration; buildSettings = {SDKROOT = iphoneos; IPHONEOS_DEPLOYMENT_TARGET = 16.0; SWIFT_VERSION = 5.0; }; name = Debug; };
		B00000000000000000000015 = {isa = XCBuildConfiguration; buildSettings = {SDKROOT = iphoneos; IPHONEOS_DEPLOYMENT_TARGET = 16.0; SWIFT_VERSION = 5.0; }; name = Release; };
		B00000000000000000000010 = {isa = XCConfigurationList; buildConfigurations = (B00000000000000000000012, B00000000000000000000013); defaultConfigurationIsVisible = 0; defaultConfigurationName = Release; };
		B00000000000000000000011 = {isa = XCConfigurationList; buildConfigurations = (B00000000000000000000014, B00000000000000000000015); defaultConfigurationIsVisible = 0; defaultConfigurationName = Release; };
	};
	rootObject = B0000000000000000000000F;
}
